// !$*UTF8*$!
{
	archiveVersion = 1;
	classes = {
	};
	objectVersion = 77;
	objects = {

/* Begin PBXBuildFile section */
		B6FF4C422EF107AB0004FE81 /* JournalingSuggestions.framework in Frameworks */ = {isa = PBXBuildFile; fileRef = B6FF4C412EF107AB0004FE81 /* JournalingSuggestions.framework */; settings = {ATTRIBUTES = (Weak, ); }; };
/* End PBXBuildFile section */

/* Begin PBXContainerItemProxy section */
		B6FF4B2C2EF060190004FE81 /* PBXContainerItemProxy */ = {
			isa = PBXContainerItemProxy;
			containerPortal = B6FF4B162EF060180004FE81 /* Project object */;
			proxyType = 1;
			remoteGlobalIDString = B6FF4B1D2EF060180004FE81;
			remoteInfo = JournalCompanion;
		};
		B6FF4B362EF060190004FE81 /* PBXContainerItemProxy */ = {
			isa = PBXContainerItemProxy;
			containerPortal = B6FF4B162EF060180004FE81 /* Project object */;
			proxyType = 1;
			remoteGlobalIDString = B6FF4B1D2EF060180004FE81;
			remoteInfo = JournalCompanion;
		};
/* End PBXContainerItemProxy section */

/* Begin PBXFileReference section */
		B6FF4B1E2EF060180004FE81 /* JournalCompanion.app */ = {isa = PBXFileReference; explicitFileType = wrapper.application; includeInIndex = 0; path = JournalCompanion.app; sourceTree = BUILT_PRODUCTS_DIR; };
		B6FF4B2B2EF060190004FE81 /* JournalCompanionTests.xctest */ = {isa = PBXFileReference; explicitFileType = wrapper.cfbundle; includeInIndex = 0; path = JournalCompanionTests.xctest; sourceTree = BUILT_PRODUCTS_DIR; };
		B6FF4B352EF060190004FE81 /* JournalCompanionUITests.xctest */ = {isa = PBXFileReference; explicitFileType = wrapper.cfbundle; includeInIndex = 0; path = JournalCompanionUITests.xctest; sourceTree = BUILT_PRODUCTS_DIR; };
		B6FF4C412EF107AB0004FE81 /* JournalingSuggestions.framework */ = {isa = PBXFileReference; lastKnownFileType = wrapper.framework; name = JournalingSuggestions.framework; path = System/Library/Frameworks/JournalingSuggestions.framework; sourceTree = SDKROOT; };
/* End PBXFileReference section */

/* Begin PBXFileSystemSynchronizedBuildFileExceptionSet section */
		B6FF4BA42EF0615A0004FE81 /* Exceptions for "JournalCompanion" folder in "JournalCompanion" target */ = {
			isa = PBXFileSystemSynchronizedBuildFileExceptionSet;
			membershipExceptions = (
				Info.plist,
			);
			target = B6FF4B1D2EF060180004FE81 /* JournalCompanion */;
		};
/* End PBXFileSystemSynchronizedBuildFileExceptionSet section */

/* Begin PBXFileSystemSynchronizedRootGroup section */
		B6FF4B202EF060180004FE81 /* JournalCompanion */ = {
			isa = PBXFileSystemSynchronizedRootGroup;
			exceptions = (
				B6FF4BA42EF0615A0004FE81 /* Exceptions for "JournalCompanion" folder in "JournalCompanion" target */,
			);
			path = JournalCompanion;
			sourceTree = "<group>";
		};
		B6FF4B2E2EF060190004FE81 /* JournalCompanionTests */ = {
			isa = PBXFileSystemSynchronizedRootGroup;
			path = JournalCompanionTests;
			sourceTree = "<group>";
		};
		B6FF4B382EF060190004FE81 /* JournalCompanionUITests */ = {
			isa = PBXFileSystemSynchronizedRootGroup;
			path = JournalCompanionUITests;
			sourceTree = "<group>";
		};
/* End PBXFileSystemSynchronizedRootGroup section */

/* Begin PBXFrameworksBuildPhase section */
		B6FF4B1B2EF060180004FE81 /* Frameworks */ = {
			isa = PBXFrameworksBuildPhase;
			buildActionMask = 2147483647;
			files = (
			);
			runOnlyForDeploymentPostprocessing = 0;
		};
		B6FF4B282EF060190004FE81 /* Frameworks */ = {
			isa = PBXFrameworksBuildPhase;
			buildActionMask = 2147483647;
			files = (
			);
			runOnlyForDeploymentPostprocessing = 0;
		};
		B6FF4B322EF060190004FE81 /* Frameworks */ = {
			isa = PBXFrameworksBuildPhase;
			buildActionMask = 2147483647;
			files = (
			);
			runOnlyForDeploymentPostprocessing = 0;
		};
/* End PBXFrameworksBuildPhase section */

/* Begin PBXGroup section */
		B6FF4B152EF060180004FE81 = {
			isa = PBXGroup;
			children = (
				B6FF4B202EF060180004FE81 /* JournalCompanion */,
				B6FF4B2E2EF060190004FE81 /* JournalCompanionTests */,
				B6FF4B382EF060190004FE81 /* JournalCompanionUITests */,
				B6FF4C402EF107AB0004FE81 /* Frameworks */,
				B6FF4B1F2EF060180004FE81 /* Products */,
			);
			sourceTree = "<group>";
		};
		B6FF4B1F2EF060180004FE81 /* Products */ = {
			isa = PBXGroup;
			children = (
				B6FF4B1E2EF060180004FE81 /* JournalCompanion.app */,
				B6FF4B2B2EF060190004FE81 /* JournalCompanionTests.xctest */,
				B6FF4B352EF060190004FE81 /* JournalCompanionUITests.xctest */,
			);
			name = Products;
			sourceTree = "<group>";
		};
		B6FF4C402EF107AB0004FE81 /* Frameworks */ = {
			isa = PBXGroup;
			children = (
				B6FF4C412EF107AB0004FE81 /* JournalingSuggestions.framework */,
			);
			name = Frameworks;
			sourceTree = "<group>";
		};
/* End PBXGroup section */

/* Begin PBXNativeTarget section */
		B6FF4B1D2EF060180004FE81 /* JournalCompanion */ = {
			isa = PBXNativeTarget;
			buildConfigurationList = B6FF4B3F2EF060190004FE81 /* Build configuration list for PBXNativeTarget "JournalCompanion" */;
			buildPhases = (
				B6FF4B1A2EF060180004FE81 /* Sources */,
				B6FF4B1B2EF060180004FE81 /* Frameworks */,
				B6FF4B1C2EF060180004FE81 /* Resources */,
			);
			buildRules = (
			);
			dependencies = (
			);
			fileSystemSynchronizedGroups = (
				B6FF4B202EF060180004FE81 /* JournalCompanion */,
			);
			name = JournalCompanion;
			packageProductDependencies = (
			);
			productName = JournalCompanion;
			productReference = B6FF4B1E2EF060180004FE81 /* JournalCompanion.app */;
			productType = "com.apple.product-type.application";
		};
		B6FF4B2A2EF060190004FE81 /* JournalCompanionTests */ = {
			isa = PBXNativeTarget;
			buildConfigurationList = B6FF4B422EF060190004FE81 /* Build configuration list for PBXNativeTarget "JournalCompanionTests" */;
			buildPhases = (
				B6FF4B272EF060190004FE81 /* Sources */,
				B6FF4B282EF060190004FE81 /* Frameworks */,
				B6FF4B292EF060190004FE81 /* Resources */,
			);
			buildRules = (
			);
			dependencies = (
				B6FF4B2D2EF060190004FE81 /* PBXTargetDependency */,
			);
			fileSystemSynchronizedGroups = (
				B6FF4B2E2EF060190004FE81 /* JournalCompanionTests */,
			);
			name = JournalCompanionTests;
			packageProductDependencies = (
			);
			productName = JournalCompanionTests;
			productReference = B6FF4B2B2EF060190004FE81 /* JournalCompanionTests.xctest */;
			productType = "com.apple.product-type.bundle.unit-test";
		};
		B6FF4B342EF060190004FE81 /* JournalCompanionUITests */ = {
			isa = PBXNativeTarget;
			buildConfigurationList = B6FF4B452EF060190004FE81 /* Build configuration list for PBXNativeTarget "JournalCompanionUITests" */;
			buildPhases = (
				B6FF4B312EF060190004FE81 /* Sources */,
				B6FF4B322EF060190004FE81 /* Frameworks */,
				B6FF4B332EF060190004FE81 /* Resources */,
			);
			buildRules = (
			);
			dependencies = (
				B6FF4B372EF060190004FE81 /* PBXTargetDependency */,
			);
			fileSystemSynchronizedGroups = (
				B6FF4B382EF060190004FE81 /* JournalCompanionUITests */,
			);
			name = JournalCompanionUITests;
			packageProductDependencies = (
			);
			productName = JournalCompanionUITests;
			productReference = B6FF4B352EF060190004FE81 /* JournalCompanionUITests.xctest */;
			productType = "com.apple.product-type.bundle.ui-testing";
		};
/* End PBXNativeTarget section */

/* Begin PBXProject section */
		B6FF4B162EF060180004FE81 /* Project object */ = {
			isa = PBXProject;
			attributes = {
				BuildIndependentTargetsInParallel = 1;
				LastSwiftUpdateCheck = 2620;
				LastUpgradeCheck = 2620;
				TargetAttributes = {
					B6FF4B1D2EF060180004FE81 = {
						CreatedOnToolsVersion = 26.2;
					};
					B6FF4B2A2EF060190004FE81 = {
						CreatedOnToolsVersion = 26.2;
						TestTargetID = B6FF4B1D2EF060180004FE81;
					};
					B6FF4B342EF060190004FE81 = {
						CreatedOnToolsVersion = 26.2;
						TestTargetID = B6FF4B1D2EF060180004FE81;
					};
				};
			};
			buildConfigurationList = B6FF4B192EF060180004FE81 /* Build configuration list for PBXProject "JournalCompanion" */;
			developmentRegion = en;
			hasScannedForEncodings = 0;
			knownRegions = (
				en,
				Base,
			);
			mainGroup = B6FF4B152EF060180004FE81;
			minimizedProjectReferenceProxies = 1;
			preferredProjectObjectVersion = 77;
			productRefGroup = B6FF4B1F2EF060180004FE81 /* Products */;
			projectDirPath = "";
			projectRoot = "";
			targets = (
				B6FF4B1D2EF060180004FE81 /* JournalCompanion */,
				B6FF4B2A2EF060190004FE81 /* JournalCompanionTests */,
				B6FF4B342EF060190004FE81 /* JournalCompanionUITests */,
			);
		};
/* End PBXProject section */

/* Begin PBXResourcesBuildPhase section */
		B6FF4B1C2EF060180004FE81 /* Resources */ = {
			isa = PBXResourcesBuildPhase;
			buildActionMask = 2147483647;
			files = (
			);
			runOnlyForDeploymentPostprocessing = 0;
		};
		B6FF4B292EF060190004FE81 /* Resources */ = {
			isa = PBXResourcesBuildPhase;
			buildActionMask = 2147483647;
			files = (
			);
			runOnlyForDeploymentPostprocessing = 0;
		};
		B6FF4B332EF060190004FE81 /* Resources */ = {
			isa = PBXResourcesBuildPhase;
			buildActionMask = 2147483647;
			files = (
			);
			runOnlyForDeploymentPostprocessing = 0;
		};
/* End PBXResourcesBuildPhase section */

/* Begin PBXSourcesBuildPhase section */
		B6FF4B1A2EF060180004FE81 /* Sources */ = {
			isa = PBXSourcesBuildPhase;
			buildActionMask = 2147483647;
			files = (
			);
			runOnlyForDeploymentPostprocessing = 0;
		};
		B6FF4B272EF060190004FE81 /* Sources */ = {
			isa = PBXSourcesBuildPhase;
			buildActionMask = 2147483647;
			files = (
			);
			runOnlyForDeploymentPostprocessing = 0;
		};
		B6FF4B312EF060190004FE81 /* Sources */ = {
			isa = PBXSourcesBuildPhase;
			buildActionMask = 2147483647;
			files = (
			);
			runOnlyForDeploymentPostprocessing = 0;
		};
/* End PBXSourcesBuildPhase section */

/* Begin PBXTargetDependency section */
		B6FF4B2D2EF060190004FE81 /* PBXTargetDependency */ = {
			isa = PBXTargetDependency;
			target = B6FF4B1D2EF060180004FE81 /* JournalCompanion */;
			targetProxy = B6FF4B2C2EF060190004FE81 /* PBXContainerItemProxy */;
		};
		B6FF4B372EF060190004FE81 /* PBXTargetDependency */ = {
			isa = PBXTargetDependency;
			target = B6FF4B1D2EF060180004FE81 /* JournalCompanion */;
			targetProxy = B6FF4B362EF060190004FE81 /* PBXContainerItemProxy */;
		};
/* End PBXTargetDependency section */

/* Begin XCBuildConfiguration section */
		B6FF4B3D2EF060190004FE81 /* Debug */ = {
			isa = XCBuildConfiguration;
			buildSettings = {
				ALWAYS_SEARCH_USER_PATHS = NO;
				ASSETCATALOG_COMPILER_GENERATE_SWIFT_ASSET_SYMBOL_EXTENSIONS = YES;
				CLANG_ANALYZER_NONNULL = YES;
				CLANG_ANALYZER_NUMBER_OBJECT_CONVERSION = YES_AGGRESSIVE;
				CLANG_CXX_LANGUAGE_STANDARD = "gnu++20";
				CLANG_ENABLE_MODULES = YES;
				CLANG_ENABLE_OBJC_ARC = YES;
				CLANG_ENABLE_OBJC_WEAK = YES;
				CLANG_WARN_BLOCK_CAPTURE_AUTORELEASING = YES;
				CLANG_WARN_BOOL_CONVERSION = YES;
				CLANG_WARN_COMMA = YES;
				CLANG_WARN_CONSTANT_CONVERSION = YES;
				CLANG_WARN_DEPRECATED_OBJC_IMPLEMENTATIONS = YES;
				CLANG_WARN_DIRECT_OBJC_ISA_USAGE = YES_ERROR;
				CLANG_WARN_DOCUMENTATION_COMMENTS = YES;
				CLANG_WARN_EMPTY_BODY = YES;
				CLANG_WARN_ENUM_CONVERSION = YES;
				CLANG_WARN_INFINITE_RECURSION = YES;
				CLANG_WARN_INT_CONVERSION = YES;
				CLANG_WARN_NON_LITERAL_NULL_CONVERSION = YES;
				CLANG_WARN_OBJC_IMPLICIT_RETAIN_SELF = YES;
				CLANG_WARN_OBJC_LITERAL_CONVERSION = YES;
				CLANG_WARN_OBJC_ROOT_CLASS = YES_ERROR;
				CLANG_WARN_QUOTED_INCLUDE_IN_FRAMEWORK_HEADER = YES;
				CLANG_WARN_RANGE_LOOP_ANALYSIS = YES;
				CLANG_WARN_STRICT_PROTOTYPES = YES;
				CLANG_WARN_SUSPICIOUS_MOVE = YES;
				CLANG_WARN_UNGUARDED_AVAILABILITY = YES_AGGRESSIVE;
				CLANG_WARN_UNREACHABLE_CODE = YES;
				CLANG_WARN__DUPLICATE_METHOD_MATCH = YES;
				COPY_PHASE_STRIP = NO;
				DEBUG_INFORMATION_FORMAT = dwarf;
				DEVELOPMENT_TEAM = SWE6H8G9FB;
				ENABLE_STRICT_OBJC_MSGSEND = YES;
				ENABLE_TESTABILITY = YES;
				ENABLE_USER_SCRIPT_SANDBOXING = YES;
				GCC_C_LANGUAGE_STANDARD = gnu17;
				GCC_DYNAMIC_NO_PIC = NO;
				GCC_NO_COMMON_BLOCKS = YES;
				GCC_OPTIMIZATION_LEVEL = 0;
				GCC_PREPROCESSOR_DEFINITIONS = (
					"DEBUG=1",
					"$(inherited)",
				);
				GCC_WARN_64_TO_32_BIT_CONVERSION = YES;
				GCC_WARN_ABOUT_RETURN_TYPE = YES_ERROR;
				GCC_WARN_UNDECLARED_SELECTOR = YES;
				GCC_WARN_UNINITIALIZED_AUTOS = YES_AGGRESSIVE;
				GCC_WARN_UNUSED_FUNCTION = YES;
				GCC_WARN_UNUSED_VARIABLE = YES;
				IPHONEOS_DEPLOYMENT_TARGET = 26.2;
				LOCALIZATION_PREFERS_STRING_CATALOGS = YES;
				MTL_ENABLE_DEBUG_INFO = INCLUDE_SOURCE;
				MTL_FAST_MATH = YES;
				ONLY_ACTIVE_ARCH = YES;
				SDKROOT = iphoneos;
				SWIFT_ACTIVE_COMPILATION_CONDITIONS = "DEBUG $(inherited)";
				SWIFT_OPTIMIZATION_LEVEL = "-Onone";
			};
			name = Debug;
		};
		B6FF4B3E2EF060190004FE81 /* Release */ = {
			isa = XCBuildConfiguration;
			buildSettings = {
				ALWAYS_SEARCH_USER_PATHS = NO;
				ASSETCATALOG_COMPILER_GENERATE_SWIFT_ASSET_SYMBOL_EXTENSIONS = YES;
				CLANG_ANALYZER_NONNULL = YES;
				CLANG_ANALYZER_NUMBER_OBJECT_CONVERSION = YES_AGGRESSIVE;
				CLANG_CXX_LANGUAGE_STANDARD = "gnu++20";
				CLANG_ENABLE_MODULES = YES;
				CLANG_ENABLE_OBJC_ARC = YES;
				CLANG_ENABLE_OBJC_WEAK = YES;
				CLANG_WARN_BLOCK_CAPTURE_AUTORELEASING = YES;
				CLANG_WARN_BOOL_CONVERSION = YES;
				CLANG_WARN_COMMA = YES;
				CLANG_WARN_CONSTANT_CONVERSION = YES;
				CLANG_WARN_DEPRECATED_OBJC_IMPLEMENTATIONS = YES;
				CLANG_WARN_DIRECT_OBJC_ISA_USAGE = YES_ERROR;
				CLANG_WARN_DOCUMENTATION_COMMENTS = YES;
				CLANG_WARN_EMPTY_BODY = YES;
				CLANG_WARN_ENUM_CONVERSION = YES;
				CLANG_WARN_INFINITE_RECURSION = YES;
				CLANG_WARN_INT_CONVERSION = YES;
				CLANG_WARN_NON_LITERAL_NULL_CONVERSION = YES;
				CLANG_WARN_OBJC_IMPLICIT_RETAIN_SELF = YES;
				CLANG_WARN_OBJC_LITERAL_CONVERSION = YES;
				CLANG_WARN_OBJC_ROOT_CLASS = YES_ERROR;
				CLANG_WARN_QUOTED_INCLUDE_IN_FRAMEWORK_HEADER = YES;
				CLANG_WARN_RANGE_LOOP_ANALYSIS = YES;
				CLANG_WARN_STRICT_PROTOTYPES = YES;
				CLANG_WARN_SUSPICIOUS_MOVE = YES;
				CLANG_WARN_UNGUARDED_AVAILABILITY = YES_AGGRESSIVE;
				CLANG_WARN_UNREACHABLE_CODE = YES;
				CLANG_WARN__DUPLICATE_METHOD_MATCH = YES;
				COPY_PHASE_STRIP = NO;
				DEBUG_INFORMATION_FORMAT = "dwarf-with-dsym";
				DEVELOPMENT_TEAM = SWE6H8G9FB;
				ENABLE_NS_ASSERTIONS = NO;
				ENABLE_STRICT_OBJC_MSGSEND = YES;
				ENABLE_USER_SCRIPT_SANDBOXING = YES;
				GCC_C_LANGUAGE_STANDARD = gnu17;
				GCC_NO_COMMON_BLOCKS = YES;
				GCC_WARN_64_TO_32_BIT_CONVERSION = YES;
				GCC_WARN_ABOUT_RETURN_TYPE = YES_ERROR;
				GCC_WARN_UNDECLARED_SELECTOR = YES;
				GCC_WARN_UNINITIALIZED_AUTOS = YES_AGGRESSIVE;
				GCC_WARN_UNUSED_FUNCTION = YES;
				GCC_WARN_UNUSED_VARIABLE = YES;
				IPHONEOS_DEPLOYMENT_TARGET = 26.2;
				LOCALIZATION_PREFERS_STRING_CATALOGS = YES;
				MTL_ENABLE_DEBUG_INFO = NO;
				MTL_FAST_MATH = YES;
				SDKROOT = iphoneos;
				SWIFT_COMPILATION_MODE = wholemodule;
				VALIDATE_PRODUCT = YES;
			};
			name = Release;
		};
		B6FF4B402EF060190004FE81 /* Debug */ = {
			isa = XCBuildConfiguration;
			buildSettings = {
				ASSETCATALOG_COMPILER_APPICON_NAME = AppIcon;
				ASSETCATALOG_COMPILER_GLOBAL_ACCENT_COLOR_NAME = AccentColor;
				CODE_SIGN_ENTITLEMENTS = JournalCompanion/JournalCompanion.entitlements;
				CODE_SIGN_IDENTITY = "Apple Development";
				CODE_SIGN_STYLE = Automatic;
				CURRENT_PROJECT_VERSION = 1;
				DEVELOPMENT_TEAM = SWE6H8G9FB;
				ENABLE_PREVIEWS = YES;
				GENERATE_INFOPLIST_FILE = YES;
				INFOPLIST_FILE = JournalCompanion/Info.plist;
				INFOPLIST_KEY_LSSupportsOpeningDocumentsInPlace = YES;
				INFOPLIST_KEY_NSContactsUsageDescription = "Link journal entries to people in your contacts.";
				INFOPLIST_KEY_NSHealthUpdateUsageDescription = "This app writes and reads your state of mind to show how you were feeling when writing journal entries.";
				INFOPLIST_KEY_NSLocationAlwaysAndWhenInUseUsageDescription = "Journal Companion tracks your visits to automatically suggest logging them. Location is only used when you visit places, and all data stays private in your Obsidian vault.";
				INFOPLIST_KEY_NSLocationWhenInUseUsageDescription = "Journal Companion needs your location to suggest nearby places when creating entries.";
				INFOPLIST_KEY_UIApplicationSceneManifest_Generation = YES;
				INFOPLIST_KEY_UIApplicationSupportsIndirectInputEvents = YES;
				INFOPLIST_KEY_UILaunchScreen_Generation = YES;
				INFOPLIST_KEY_UISupportedInterfaceOrientations_iPad = "UIInterfaceOrientationPortrait UIInterfaceOrientationPortraitUpsideDown UIInterfaceOrientationLandscapeLeft UIInterfaceOrientationLandscapeRight";
				INFOPLIST_KEY_UISupportedInterfaceOrientations_iPhone = "UIInterfaceOrientationPortrait UIInterfaceOrientationLandscapeLeft UIInterfaceOrientationLandscapeRight";
				IPHONEOS_DEPLOYMENT_TARGET = 26.0;
				LD_RUNPATH_SEARCH_PATHS = (
					"$(inherited)",
					"@executable_path/Frameworks",
				);
				MARKETING_VERSION = 1.0;
				PRODUCT_BUNDLE_IDENTIFIER = fieldnoise.JournalCompanion;
				PRODUCT_NAME = "$(TARGET_NAME)";
				PROVISIONING_PROFILE_SPECIFIER = "";
				STRING_CATALOG_GENERATE_SYMBOLS = YES;
				SWIFT_APPROACHABLE_CONCURRENCY = YES;
				SWIFT_DEFAULT_ACTOR_ISOLATION = MainActor;
				SWIFT_EMIT_LOC_STRINGS = YES;
				SWIFT_UPCOMING_FEATURE_MEMBER_IMPORT_VISIBILITY = YES;
				SWIFT_VERSION = 5.0;
				TARGETED_DEVICE_FAMILY = "1,2";
			};
			name = Debug;
		};
		B6FF4B412EF060190004FE81 /* Release */ = {
			isa = XCBuildConfiguration;
			buildSettings = {
				ASSETCATALOG_COMPILER_APPICON_NAME = AppIcon;
				ASSETCATALOG_COMPILER_GLOBAL_ACCENT_COLOR_NAME = AccentColor;
				CODE_SIGN_ENTITLEMENTS = JournalCompanion/JournalCompanion.entitlements;
				CODE_SIGN_IDENTITY = "Apple Development";
				CODE_SIGN_STYLE = Automatic;
				CURRENT_PROJECT_VERSION = 1;
				DEVELOPMENT_TEAM = SWE6H8G9FB;
				ENABLE_PREVIEWS = YES;
				GENERATE_INFOPLIST_FILE = YES;
				INFOPLIST_FILE = JournalCompanion/Info.plist;
				INFOPLIST_KEY_LSSupportsOpeningDocumentsInPlace = YES;
				INFOPLIST_KEY_NSContactsUsageDescription = "Link journal entries to people in your contacts.";
				INFOPLIST_KEY_NSHealthUpdateUsageDescription = "This app writes and reads your state of mind to show how you were feeling when writing journal entries.";
				INFOPLIST_KEY_NSLocationAlwaysAndWhenInUseUsageDescription = "Journal Companion tracks your visits to automatically suggest logging them. Location is only used when you visit places, and all data stays private in your Obsidian vault.";
				INFOPLIST_KEY_NSLocationWhenInUseUsageDescription = "Journal Companion needs your location to suggest nearby places when creating entries.";
				INFOPLIST_KEY_UIApplicationSceneManifest_Generation = YES;
				INFOPLIST_KEY_UIApplicationSupportsIndirectInputEvents = YES;
				INFOPLIST_KEY_UILaunchScreen_Generation = YES;
				INFOPLIST_KEY_UISupportedInterfaceOrientations_iPad = "UIInterfaceOrientationPortrait UIInterfaceOrientationPortraitUpsideDown UIInterfaceOrientationLandscapeLeft UIInterfaceOrientationLandscapeRight";
				INFOPLIST_KEY_UISupportedInterfaceOrientations_iPhone = "UIInterfaceOrientationPortrait UIInterfaceOrientationLandscapeLeft UIInterfaceOrientationLandscapeRight";
				IPHONEOS_DEPLOYMENT_TARGET = 26.0;
				LD_RUNPATH_SEARCH_PATHS = (
					"$(inherited)",
					"@executable_path/Frameworks",
				);
				MARKETING_VERSION = 1.0;
				PRODUCT_BUNDLE_IDENTIFIER = fieldnoise.JournalCompanion;
				PRODUCT_NAME = "$(TARGET_NAME)";
				PROVISIONING_PROFILE_SPECIFIER = "";
				STRING_CATALOG_GENERATE_SYMBOLS = YES;
				SWIFT_APPROACHABLE_CONCURRENCY = YES;
				SWIFT_DEFAULT_ACTOR_ISOLATION = MainActor;
				SWIFT_EMIT_LOC_STRINGS = YES;
				SWIFT_UPCOMING_FEATURE_MEMBER_IMPORT_VISIBILITY = YES;
				SWIFT_VERSION = 5.0;
				TARGETED_DEVICE_FAMILY = "1,2";
			};
			name = Release;
		};
		B6FF4B432EF060190004FE81 /* Debug */ = {
			isa = XCBuildConfiguration;
			buildSettings = {
				BUNDLE_LOADER = "$(TEST_HOST)";
				CODE_SIGN_STYLE = Automatic;
				CURRENT_PROJECT_VERSION = 1;
				DEVELOPMENT_TEAM = SWE6H8G9FB;
				GENERATE_INFOPLIST_FILE = YES;
				IPHONEOS_DEPLOYMENT_TARGET = 26.2;
				MARKETING_VERSION = 1.0;
				PRODUCT_BUNDLE_IDENTIFIER = fieldnoise.JournalCompanionTests;
				PRODUCT_NAME = "$(TARGET_NAME)";
				STRING_CATALOG_GENERATE_SYMBOLS = NO;
				SWIFT_APPROACHABLE_CONCURRENCY = YES;
				SWIFT_EMIT_LOC_STRINGS = NO;
				SWIFT_UPCOMING_FEATURE_MEMBER_IMPORT_VISIBILITY = YES;
				SWIFT_VERSION = 5.0;
				TARGETED_DEVICE_FAMILY = "1,2";
				TEST_HOST = "$(BUILT_PRODUCTS_DIR)/JournalCompanion.app/$(BUNDLE_EXECUTABLE_FOLDER_PATH)/JournalCompanion";
			};
			name = Debug;
		};
		B6FF4B442EF060190004FE81 /* Release */ = {
			isa = XCBuildConfiguration;
			buildSettings = {
				BUNDLE_LOADER = "$(TEST_HOST)";
				CODE_SIGN_STYLE = Automatic;
				CURRENT_PROJECT_VERSION = 1;
				DEVELOPMENT_TEAM = SWE6H8G9FB;
				GENERATE_INFOPLIST_FILE = YES;
				IPHONEOS_DEPLOYMENT_TARGET = 26.2;
				MARKETING_VERSION = 1.0;
				PRODUCT_BUNDLE_IDENTIFIER = fieldnoise.JournalCompanionTests;
				PRODUCT_NAME = "$(TARGET_NAME)";
				STRING_CATALOG_GENERATE_SYMBOLS = NO;
				SWIFT_APPROACHABLE_CONCURRENCY = YES;
				SWIFT_EMIT_LOC_STRINGS = NO;
				SWIFT_UPCOMING_FEATURE_MEMBER_IMPORT_VISIBILITY = YES;
				SWIFT_VERSION = 5.0;
				TARGETED_DEVICE_FAMILY = "1,2";
				TEST_HOST = "$(BUILT_PRODUCTS_DIR)/JournalCompanion.app/$(BUNDLE_EXECUTABLE_FOLDER_PATH)/JournalCompanion";
			};
			name = Release;
		};
		B6FF4B462EF060190004FE81 /* Debug */ = {
			isa = XCBuildConfiguration;
			buildSettings = {
				CODE_SIGN_STYLE = Automatic;
				CURRENT_PROJECT_VERSION = 1;
				DEVELOPMENT_TEAM = SWE6H8G9FB;
				GENERATE_INFOPLIST_FILE = YES;
				MARKETING_VERSION = 1.0;
				PRODUCT_BUNDLE_IDENTIFIER = fieldnoise.JournalCompanionUITests;
				PRODUCT_NAME = "$(TARGET_NAME)";
				STRING_CATALOG_GENERATE_SYMBOLS = NO;
				SWIFT_APPROACHABLE_CONCURRENCY = YES;
				SWIFT_EMIT_LOC_STRINGS = NO;
				SWIFT_UPCOMING_FEATURE_MEMBER_IMPORT_VISIBILITY = YES;
				SWIFT_VERSION = 5.0;
				TARGETED_DEVICE_FAMILY = "1,2";
				TEST_TARGET_NAME = JournalCompanion;
			};
			name = Debug;
		};
		B6FF4B472EF060190004FE81 /* Release */ = {
			isa = XCBuildConfiguration;
			buildSettings = {
				CODE_SIGN_STYLE = Automatic;
				CURRENT_PROJECT_VERSION = 1;
				DEVELOPMENT_TEAM = SWE6H8G9FB;
				GENERATE_INFOPLIST_FILE = YES;
				MARKETING_VERSION = 1.0;
				PRODUCT_BUNDLE_IDENTIFIER = fieldnoise.JournalCompanionUITests;
				PRODUCT_NAME = "$(TARGET_NAME)";
				STRING_CATALOG_GENERATE_SYMBOLS = NO;
				SWIFT_APPROACHABLE_CONCURRENCY = YES;
				SWIFT_EMIT_LOC_STRINGS = NO;
				SWIFT_UPCOMING_FEATURE_MEMBER_IMPORT_VISIBILITY = YES;
				SWIFT_VERSION = 5.0;
				TARGETED_DEVICE_FAMILY = "1,2";
				TEST_TARGET_NAME = JournalCompanion;
			};
			name = Release;
		};
/* End XCBuildConfiguration section */

/* Begin XCConfigurationList section */
		B6FF4B192EF060180004FE81 /* Build configuration list for PBXProject "JournalCompanion" */ = {
			isa = XCConfigurationList;
			buildConfigurations = (
				B6FF4B3D2EF060190004FE81 /* Debug */,
				B6FF4B3E2EF060190004FE81 /* Release */,
			);
			defaultConfigurationIsVisible = 0;
			defaultConfigurationName = Release;
		};
		B6FF4B3F2EF060190004FE81 /* Build configuration list for PBXNativeTarget "JournalCompanion" */ = {
			isa = XCConfigurationList;
			buildConfigurations = (
				B6FF4B402EF060190004FE81 /* Debug */,
				B6FF4B412EF060190004FE81 /* Release */,
			);
			defaultConfigurationIsVisible = 0;
			defaultConfigurationName = Release;
		};
		B6FF4B422EF060190004FE81 /* Build configuration list for PBXNativeTarget "JournalCompanionTests" */ = {
			isa = XCConfigurationList;
			buildConfigurations = (
				B6FF4B432EF060190004FE81 /* Debug */,
				B6FF4B442EF060190004FE81 /* Release */,
			);
			defaultConfigurationIsVisible = 0;
			defaultConfigurationName = Release;
		};
		B6FF4B452EF060190004FE81 /* Build configuration list for PBXNativeTarget "JournalCompanionUITests" */ = {
			isa = XCConfigurationList;
			buildConfigurations = (
				B6FF4B462EF060190004FE81 /* Debug */,
				B6FF4B472EF060190004FE81 /* Release */,
			);
			defaultConfigurationIsVisible = 0;
			defaultConfigurationName = Release;
		};
/* End XCConfigurationList section */
	};
	rootObject = B6FF4B162EF060180004FE81 /* Project object */;
}
